// !$*UTF8*$!
{
	archiveVersion = 1;
	classes = {
	};
	objectVersion = 52;
	objects = {

/* Begin PBXBuildFile section */
		4239D52623ED15B800FE982C /* AppDelegate.swift in Sources */ = {isa = PBXBuildFile; fileRef = 4239D52523ED15B800FE982C /* AppDelegate.swift */; };
		4239D52823ED15B800FE982C /* SceneDelegate.swift in Sources */ = {isa = PBXBuildFile; fileRef = 4239D52723ED15B800FE982C /* SceneDelegate.swift */; };
		4239D52A23ED15B800FE982C /* ViewController.swift in Sources */ = {isa = PBXBuildFile; fileRef = 4239D52923ED15B800FE982C /* ViewController.swift */; };
		4239D52D23ED15B800FE982C /* Main.storyboard in Resources */ = {isa = PBXBuildFile; fileRef = 4239D52B23ED15B800FE982C /* Main.storyboard */; };
		4239D52F23ED15B900FE982C /* Assets.xcassets in Resources */ = {isa = PBXBuildFile; fileRef = 4239D52E23ED15B900FE982C /* Assets.xcassets */; };
		4239D53223ED15B900FE982C /* LaunchScreen.storyboard in Resources */ = {isa = PBXBuildFile; fileRef = 4239D53023ED15B900FE982C /* LaunchScreen.storyboard */; };
		4239D53D23ED15B900FE982C /* RealmToDoTests.swift in Sources */ = {isa = PBXBuildFile; fileRef = 4239D53C23ED15B900FE982C /* RealmToDoTests.swift */; };
		4239D54823ED15B900FE982C /* RealmToDoUITests.swift in Sources */ = {isa = PBXBuildFile; fileRef = 4239D54723ED15B900FE982C /* RealmToDoUITests.swift */; };
		425C193D23F0F57500B61D53 /* TodoModel.swift in Sources */ = {isa = PBXBuildFile; fileRef = 425C193C23F0F57500B61D53 /* TodoModel.swift */; };
		425C194023F0F98A00B61D53 /* RealmSwift in Frameworks */ = {isa = PBXBuildFile; productRef = 425C193F23F0F98A00B61D53 /* RealmSwift */; };
		425C194223F0F98A00B61D53 /* Realm in Frameworks */ = {isa = PBXBuildFile; productRef = 425C194123F0F98A00B61D53 /* Realm */; };
/* End PBXBuildFile section */

/* Begin PBXContainerItemProxy section */
		4239D53923ED15B900FE982C /* PBXContainerItemProxy */ = {
			isa = PBXContainerItemProxy;
			containerPortal = 4239D51A23ED15B700FE982C /* Project object */;
			proxyType = 1;
			remoteGlobalIDString = 4239D52123ED15B800FE982C;
			remoteInfo = RealmToDo;
		};
		4239D54423ED15B900FE982C /* PBXContainerItemProxy */ = {
			isa = PBXContainerItemProxy;
			containerPortal = 4239D51A23ED15B700FE982C /* Project object */;
			proxyType = 1;
			remoteGlobalIDString = 4239D52123ED15B800FE982C;
			remoteInfo = RealmToDo;
		};
/* End PBXContainerItemProxy section */

/* Begin PBXFileReference section */
		4239D52223ED15B800FE982C /* RealmToDo.app */ = {isa = PBXFileReference; explicitFileType = wrapper.application; includeInIndex = 0; path = RealmToDo.app; sourceTree = BUILT_PRODUCTS_DIR; };
		4239D52523ED15B800FE982C /* AppDelegate.swift */ = {isa = PBXFileReference; lastKnownFileType = sourcecode.swift; path = AppDelegate.swift; sourceTree = "<group>"; };
		4239D52723ED15B800FE982C /* SceneDelegate.swift */ = {isa = PBXFileReference; lastKnownFileType = sourcecode.swift; path = SceneDelegate.swift; sourceTree = "<group>"; };
		4239D52923ED15B800FE982C /* ViewController.swift */ = {isa = PBXFileReference; lastKnownFileType = sourcecode.swift; path = ViewController.swift; sourceTree = "<group>"; };
		4239D52C23ED15B800FE982C /* Base */ = {isa = PBXFileReference; lastKnownFileType = file.storyboard; name = Base; path = Base.lproj/Main.storyboard; sourceTree = "<group>"; };
		4239D52E23ED15B900FE982C /* Assets.xcassets */ = {isa = PBXFileReference; lastKnownFileType = folder.assetcatalog; path = Assets.xcassets; sourceTree = "<group>"; };
		4239D53123ED15B900FE982C /* Base */ = {isa = PBXFileReference; lastKnownFileType = file.storyboard; name = Base; path = Base.lproj/LaunchScreen.storyboard; sourceTree = "<group>"; };
		4239D53323ED15B900FE982C /* Info.plist */ = {isa = PBXFileReference; lastKnownFileType = text.plist.xml; path = Info.plist; sourceTree = "<group>"; };
		4239D53823ED15B900FE982C /* RealmToDoTests.xctest */ = {isa = PBXFileReference; explicitFileType = wrapper.cfbundle; includeInIndex = 0; path = RealmToDoTests.xctest; sourceTree = BUILT_PRODUCTS_DIR; };
		4239D53C23ED15B900FE982C /* RealmToDoTests.swift */ = {isa = PBXFileReference; lastKnownFileType = sourcecode.swift; path = RealmToDoTests.swift; sourceTree = "<group>"; };
		4239D53E23ED15B900FE982C /* Info.plist */ = {isa = PBXFileReference; lastKnownFileType = text.plist.xml; path = Info.plist; sourceTree = "<group>"; };
		4239D54323ED15B900FE982C /* RealmToDoUITests.xctest */ = {isa = PBXFileReference; explicitFileType = wrapper.cfbundle; includeInIndex = 0; path = RealmToDoUITests.xctest; sourceTree = BUILT_PRODUCTS_DIR; };
		4239D54723ED15B900FE982C /* RealmToDoUITests.swift */ = {isa = PBXFileReference; lastKnownFileType = sourcecode.swift; path = RealmToDoUITests.swift; sourceTree = "<group>"; };
		4239D54923ED15B900FE982C /* Info.plist */ = {isa = PBXFileReference; lastKnownFileType = text.plist.xml; path = Info.plist; sourceTree = "<group>"; };
		425C193C23F0F57500B61D53 /* TodoModel.swift */ = {isa = PBXFileReference; lastKnownFileType = sourcecode.swift; path = TodoModel.swift; sourceTree = "<group>"; };
/* End PBXFileReference section */

/* Begin PBXFrameworksBuildPhase section */
		4239D51F23ED15B800FE982C /* Frameworks */ = {
			isa = PBXFrameworksBuildPhase;
			buildActionMask = 2147483647;
			files = (
				425C194223F0F98A00B61D53 /* Realm in Frameworks */,
				425C194023F0F98A00B61D53 /* RealmSwift in Frameworks */,
			);
			runOnlyForDeploymentPostprocessing = 0;
		};
		4239D53523ED15B900FE982C /* Frameworks */ = {
			isa = PBXFrameworksBuildPhase;
			buildActionMask = 2147483647;
			files = (
			);
			runOnlyForDeploymentPostprocessing = 0;
		};
		4239D54023ED15B900FE982C /* Frameworks */ = {
			isa = PBXFrameworksBuildPhase;
			buildActionMask = 2147483647;
			files = (
			);
			runOnlyForDeploymentPostprocessing = 0;
		};
/* End PBXFrameworksBuildPhase section */

/* Begin PBXGroup section */
		4239D51923ED15B700FE982C = {
			isa = PBXGroup;
			children = (
				4239D52423ED15B800FE982C /* RealmToDo */,
				4239D53B23ED15B900FE982C /* RealmToDoTests */,
				4239D54623ED15B900FE982C /* RealmToDoUITests */,
				4239D52323ED15B800FE982C /* Products */,
			);
			sourceTree = "<group>";
		};
		4239D52323ED15B800FE982C /* Products */ = {
			isa = PBXGroup;
			children = (
				4239D52223ED15B800FE982C /* RealmToDo.app */,
				4239D53823ED15B900FE982C /* RealmToDoTests.xctest */,
				4239D54323ED15B900FE982C /* RealmToDoUITests.xctest */,
			);
			name = Products;
			sourceTree = "<group>";
		};
		4239D52423ED15B800FE982C /* RealmToDo */ = {
			isa = PBXGroup;
			children = (
				425C193B23F0F55D00B61D53 /* Model */,
				4239D52523ED15B800FE982C /* AppDelegate.swift */,
				4239D52723ED15B800FE982C /* SceneDelegate.swift */,
				4239D52923ED15B800FE982C /* ViewController.swift */,
				4239D52B23ED15B800FE982C /* Main.storyboard */,
				4239D52E23ED15B900FE982C /* Assets.xcassets */,
				4239D53023ED15B900FE982C /* LaunchScreen.storyboard */,
				4239D53323ED15B900FE982C /* Info.plist */,
			);
			path = RealmToDo;
			sourceTree = "<group>";
		};
		4239D53B23ED15B900FE982C /* RealmToDoTests */ = {
			isa = PBXGroup;
			children = (
				4239D53C23ED15B900FE982C /* RealmToDoTests.swift */,
				4239D53E23ED15B900FE982C /* Info.plist */,
			);
			path = RealmToDoTests;
			sourceTree = "<group>";
		};
		4239D54623ED15B900FE982C /* RealmToDoUITests */ = {
			isa = PBXGroup;
			children = (
				4239D54723ED15B900FE982C /* RealmToDoUITests.swift */,
				4239D54923ED15B900FE982C /* Info.plist */,
			);
			path = RealmToDoUITests;
			sourceTree = "<group>";
		};
		425C193B23F0F55D00B61D53 /* Model */ = {
			isa = PBXGroup;
			children = (
				425C193C23F0F57500B61D53 /* TodoModel.swift */,
			);
			path = Model;
			sourceTree = "<group>";
		};
/* End PBXGroup section */

/* Begin PBXNativeTarget section */
		4239D52123ED15B800FE982C /* RealmToDo */ = {
			isa = PBXNativeTarget;
			buildConfigurationList = 4239D54C23ED15B900FE982C /* Build configuration list for PBXNativeTarget "RealmToDo" */;
			buildPhases = (
				4239D51E23ED15B800FE982C /* Sources */,
				4239D51F23ED15B800FE982C /* Frameworks */,
				4239D52023ED15B800FE982C /* Resources */,
			);
			buildRules = (
			);
			dependencies = (
			);
			name = RealmToDo;
			packageProductDependencies = (
				425C193F23F0F98A00B61D53 /* RealmSwift */,
				425C194123F0F98A00B61D53 /* Realm */,
			);
			productName = RealmToDo;
			productReference = 4239D52223ED15B800FE982C /* RealmToDo.app */;
			productType = "com.apple.product-type.application";
		};
		4239D53723ED15B900FE982C /* RealmToDoTests */ = {
			isa = PBXNativeTarget;
			buildConfigurationList = 4239D54F23ED15B900FE982C /* Build configuration list for PBXNativeTarget "RealmToDoTests" */;
			buildPhases = (
				4239D53423ED15B900FE982C /* Sources */,
				4239D53523ED15B900FE982C /* Frameworks */,
				4239D53623ED15B900FE982C /* Resources */,
			);
			buildRules = (
			);
			dependencies = (
				4239D53A23ED15B900FE982C /* PBXTargetDependency */,
			);
			name = RealmToDoTests;
			productName = RealmToDoTests;
			productReference = 4239D53823ED15B900FE982C /* RealmToDoTests.xctest */;
			productType = "com.apple.product-type.bundle.unit-test";
		};
		4239D54223ED15B900FE982C /* RealmToDoUITests */ = {
			isa = PBXNativeTarget;
			buildConfigurationList = 4239D55223ED15B900FE982C /* Build configuration list for PBXNativeTarget "RealmToDoUITests" */;
			buildPhases = (
				4239D53F23ED15B900FE982C /* Sources */,
				4239D54023ED15B900FE982C /* Frameworks */,
				4239D54123ED15B900FE982C /* Resources */,
			);
			buildRules = (
			);
			dependencies = (
				4239D54523ED15B900FE982C /* PBXTargetDependency */,
			);
			name = RealmToDoUITests;
			productName = RealmToDoUITests;
			productReference = 4239D54323ED15B900FE982C /* RealmToDoUITests.xctest */;
			productType = "com.apple.product-type.bundle.ui-testing";
		};
/* End PBXNativeTarget section */

/* Begin PBXProject section */
		4239D51A23ED15B700FE982C /* Project object */ = {
			isa = PBXProject;
			attributes = {
				LastSwiftUpdateCheck = 1120;
				LastUpgradeCheck = 1120;
				ORGANIZATIONNAME = "Daichi Hayashi";
				TargetAttributes = {
					4239D52123ED15B800FE982C = {
						CreatedOnToolsVersion = 11.2.1;
					};
					4239D53723ED15B900FE982C = {
						CreatedOnToolsVersion = 11.2.1;
						TestTargetID = 4239D52123ED15B800FE982C;
					};
					4239D54223ED15B900FE982C = {
						CreatedOnToolsVersion = 11.2.1;
						TestTargetID = 4239D52123ED15B800FE982C;
					};
				};
			};
			buildConfigurationList = 4239D51D23ED15B700FE982C /* Build configuration list for PBXProject "RealmToDo" */;
			compatibilityVersion = "Xcode 9.3";
			developmentRegion = en;
			hasScannedForEncodings = 0;
			knownRegions = (
				en,
				Base,
			);
			mainGroup = 4239D51923ED15B700FE982C;
			packageReferences = (
				425C193E23F0F98A00B61D53 /* XCRemoteSwiftPackageReference "realm-cocoa" */,
			);
			productRefGroup = 4239D52323ED15B800FE982C /* Products */;
			projectDirPath = "";
			projectRoot = "";
			targets = (
				4239D52123ED15B800FE982C /* RealmToDo */,
				4239D53723ED15B900FE982C /* RealmToDoTests */,
				4239D54223ED15B900FE982C /* RealmToDoUITests */,
			);
		};
/* End PBXProject section */

/* Begin PBXResourcesBuildPhase section */
		4239D52023ED15B800FE982C /* Resources */ = {
			isa = PBXResourcesBuildPhase;
			buildActionMask = 2147483647;
			files = (
				4239D53223ED15B900FE982C /* LaunchScreen.storyboard in Resources */,
				4239D52F23ED15B900FE982C /* Assets.xcassets in Resources */,
				4239D52D23ED15B800FE982C /* Main.storyboard in Resources */,
			);
			runOnlyForDeploymentPostprocessing = 0;
		};
		4239D53623ED15B900FE982C /* Resources */ = {
			isa = PBXResourcesBuildPhase;
			buildActionMask = 2147483647;
			files = (
			);
			runOnlyForDeploymentPostprocessing = 0;
		};
		4239D54123ED15B900FE982C /* Resources */ = {
			isa = PBXResourcesBuildPhase;
			buildActionMask = 2147483647;
			files = (
			);
			runOnlyForDeploymentPostprocessing = 0;
		};
/* End PBXResourcesBuildPhase section */

/* Begin PBXSourcesBuildPhase section */
		4239D51E23ED15B800FE982C /* Sources */ = {
			isa = PBXSourcesBuildPhase;
			buildActionMask = 2147483647;
			files = (
				4239D52A23ED15B800FE982C /* ViewController.swift in Sources */,
				425C193D23F0F57500B61D53 /* TodoModel.swift in Sources */,
				4239D52623ED15B800FE982C /* AppDelegate.swift in Sources */,
				4239D52823ED15B800FE982C /* SceneDelegate.swift in Sources */,
			);
			runOnlyForDeploymentPostprocessing = 0;
		};
		4239D53423ED15B900FE982C /* Sources */ = {
			isa = PBXSourcesBuildPhase;
			buildActionMask = 2147483647;
			files = (
				4239D53D23ED15B900FE982C /* RealmToDoTests.swift in Sources */,
			);
			runOnlyForDeploymentPostprocessing = 0;
		};
		4239D53F23ED15B900FE982C /* Sources */ = {
			isa = PBXSourcesBuildPhase;
			buildActionMask = 2147483647;
			files = (
				4239D54823ED15B900FE982C /* RealmToDoUITests.swift in Sources */,
			);
			runOnlyForDeploymentPostprocessing = 0;
		};
/* End PBXSourcesBuildPhase section */

/* Begin PBXTargetDependency section */
		4239D53A23ED15B900FE982C /* PBXTargetDependency */ = {
			isa = PBXTargetDependency;
			target = 4239D52123ED15B800FE982C /* RealmToDo */;
			targetProxy = 4239D53923ED15B900FE982C /* PBXContainerItemProxy */;
		};
		4239D54523ED15B900FE982C /* PBXTargetDependency */ = {
			isa = PBXTargetDependency;
			target = 4239D52123ED15B800FE982C /* RealmToDo */;
			targetProxy = 4239D54423ED15B900FE982C /* PBXContainerItemProxy */;
		};
/* End PBXTargetDependency section */

/* Begin PBXVariantGroup section */
		4239D52B23ED15B800FE982C /* Main.storyboard */ = {
			isa = PBXVariantGroup;
			children = (
				4239D52C23ED15B800FE982C /* Base */,
			);
			name = Main.storyboard;
			sourceTree = "<group>";
		};
		4239D53023ED15B900FE982C /* LaunchScreen.storyboard */ = {
			isa = PBXVariantGroup;
			children = (
				4239D53123ED15B900FE982C /* Base */,
			);
			name = LaunchScreen.storyboard;
			sourceTree = "<group>";
		};
/* End PBXVariantGroup section */

/* Begin XCBuildConfiguration section */
		4239D54A23ED15B900FE982C /* Debug */ = {
			isa = XCBuildConfiguration;
			buildSettings = {
				ALWAYS_SEARCH_USER_PATHS = NO;
				CLANG_ANALYZER_NONNULL = YES;
				CLANG_ANALYZER_NUMBER_OBJECT_CONVERSION = YES_AGGRESSIVE;
				CLANG_CXX_LANGUAGE_STANDARD = "gnu++14";
				CLANG_CXX_LIBRARY = "libc++";
				CLANG_ENABLE_MODULES = YES;
				CLANG_ENABLE_OBJC_ARC = YES;
				CLANG_ENABLE_OBJC_WEAK = YES;
				CLANG_WARN_BLOCK_CAPTURE_AUTORELEASING = YES;
				CLANG_WARN_BOOL_CONVERSION = YES;
				CLANG_WARN_COMMA = YES;
				CLANG_WARN_CONSTANT_CONVERSION = YES;
				CLANG_WARN_DEPRECATED_OBJC_IMPLEMENTATIONS = YES;
				CLANG_WARN_DIRECT_OBJC_ISA_USAGE = YES_ERROR;
				CLANG_WARN_DOCUMENTATION_COMMENTS = YES;
				CLANG_WARN_EMPTY_BODY = YES;
				CLANG_WARN_ENUM_CONVERSION = YES;
				CLANG_WARN_INFINITE_RECURSION = YES;
				CLANG_WARN_INT_CONVERSION = YES;
				CLANG_WARN_NON_LITERAL_NULL_CONVERSION = YES;
				CLANG_WARN_OBJC_IMPLICIT_RETAIN_SELF = YES;
				CLANG_WARN_OBJC_LITERAL_CONVERSION = YES;
				CLANG_WARN_OBJC_ROOT_CLASS = YES_ERROR;
				CLANG_WARN_RANGE_LOOP_ANALYSIS = YES;
				CLANG_WARN_STRICT_PROTOTYPES = YES;
				CLANG_WARN_SUSPICIOUS_MOVE = YES;
				CLANG_WARN_UNGUARDED_AVAILABILITY = YES_AGGRESSIVE;
				CLANG_WARN_UNREACHABLE_CODE = YES;
				CLANG_WARN__DUPLICATE_METHOD_MATCH = YES;
				COPY_PHASE_STRIP = NO;
				DEBUG_INFORMATION_FORMAT = dwarf;
				ENABLE_STRICT_OBJC_MSGSEND = YES;
				ENABLE_TESTABILITY = YES;
				GCC_C_LANGUAGE_STANDARD = gnu11;
				GCC_DYNAMIC_NO_PIC = NO;
				GCC_NO_COMMON_BLOCKS = YES;
				GCC_OPTIMIZATION_LEVEL = 0;
				GCC_PREPROCESSOR_DEFINITIONS = (
					"DEBUG=1",
					"$(inherited)",
				);
				GCC_WARN_64_TO_32_BIT_CONVERSION = YES;
				GCC_WARN_ABOUT_RETURN_TYPE = YES_ERROR;
				GCC_WARN_UNDECLARED_SELECTOR = YES;
				GCC_WARN_UNINITIALIZED_AUTOS = YES_AGGRESSIVE;
				GCC_WARN_UNUSED_FUNCTION = YES;
				GCC_WARN_UNUSED_VARIABLE = YES;
				IPHONEOS_DEPLOYMENT_TARGET = 13.2;
				MTL_ENABLE_DEBUG_INFO = INCLUDE_SOURCE;
				MTL_FAST_MATH = YES;
				ONLY_ACTIVE_ARCH = YES;
				SDKROOT = iphoneos;
				SWIFT_ACTIVE_COMPILATION_CONDITIONS = DEBUG;
				SWIFT_OPTIMIZATION_LEVEL = "-Onone";
			};
			name = Debug;
		};
		4239D54B23ED15B900FE982C /* Release */ = {
			isa = XCBuildConfiguration;
			buildSettings = {
				ALWAYS_SEARCH_USER_PATHS = NO;
				CLANG_ANALYZER_NONNULL = YES;
				CLANG_ANALYZER_NUMBER_OBJECT_CONVERSION = YES_AGGRESSIVE;
				CLANG_CXX_LANGUAGE_STANDARD = "gnu++14";
				CLANG_CXX_LIBRARY = "libc++";
				CLANG_ENABLE_MODULES = YES;
				CLANG_ENABLE_OBJC_ARC = YES;
				CLANG_ENABLE_OBJC_WEAK = YES;
				CLANG_WARN_BLOCK_CAPTURE_AUTORELEASING = YES;
				CLANG_WARN_BOOL_CONVERSION = YES;
				CLANG_WARN_COMMA = YES;
				CLANG_WARN_CONSTANT_CONVERSION = YES;
				CLANG_WARN_DEPRECATED_OBJC_IMPLEMENTATIONS = YES;
				CLANG_WARN_DIRECT_OBJC_ISA_USAGE = YES_ERROR;
				CLANG_WARN_DOCUMENTATION_COMMENTS = YES;
				CLANG_WARN_EMPTY_BODY = YES;
				CLANG_WARN_ENUM_CONVERSION = YES;
				CLANG_WARN_INFINITE_RECURSION = YES;
				CLANG_WARN_INT_CONVERSION = YES;
				CLANG_WARN_NON_LITERAL_NULL_CONVERSION = YES;
				CLANG_WARN_OBJC_IMPLICIT_RETAIN_SELF = YES;
				CLANG_WARN_OBJC_LITERAL_CONVERSION = YES;
				CLANG_WARN_OBJC_ROOT_CLASS = YES_ERROR;
				CLANG_WARN_RANGE_LOOP_ANALYSIS = YES;
				CLANG_WARN_STRICT_PROTOTYPES = YES;
				CLANG_WARN_SUSPICIOUS_MOVE = YES;
				CLANG_WARN_UNGUARDED_AVAILABILITY = YES_AGGRESSIVE;
				CLANG_WARN_UNREACHABLE_CODE = YES;
				CLANG_WARN__DUPLICATE_METHOD_MATCH = YES;
				COPY_PHASE_STRIP = NO;
				DEBUG_INFORMATION_FORMAT = "dwarf-with-dsym";
				ENABLE_NS_ASSERTIONS = NO;
				ENABLE_STRICT_OBJC_MSGSEND = YES;
				GCC_C_LANGUAGE_STANDARD = gnu11;
				GCC_NO_COMMON_BLOCKS = YES;
				GCC_WARN_64_TO_32_BIT_CONVERSION = YES;
				GCC_WARN_ABOUT_RETURN_TYPE = YES_ERROR;
				GCC_WARN_UNDECLARED_SELECTOR = YES;
				GCC_WARN_UNINITIALIZED_AUTOS = YES_AGGRESSIVE;
				GCC_WARN_UNUSED_FUNCTION = YES;
				GCC_WARN_UNUSED_VARIABLE = YES;
				IPHONEOS_DEPLOYMENT_TARGET = 13.2;
				MTL_ENABLE_DEBUG_INFO = NO;
				MTL_FAST_MATH = YES;
				SDKROOT = iphoneos;
				SWIFT_COMPILATION_MODE = wholemodule;
				SWIFT_OPTIMIZATION_LEVEL = "-O";
				VALIDATE_PRODUCT = YES;
			};
			name = Release;
		};
		4239D54D23ED15B900FE982C /* Debug */ = {
			isa = XCBuildConfiguration;
			buildSettings = {
				ASSETCATALOG_COMPILER_APPICON_NAME = AppIcon;
				CODE_SIGN_STYLE = Automatic;
				DEVELOPMENT_TEAM = X79UHLMR5A;
				INFOPLIST_FILE = RealmToDo/Info.plist;
				LD_RUNPATH_SEARCH_PATHS = (
					"$(inherited)",
					"@executable_path/Frameworks",
				);
				PRODUCT_BUNDLE_IDENTIFIER = "Daichi-hayashi.RealmToDo";
				PRODUCT_NAME = "$(TARGET_NAME)";
				SWIFT_VERSION = 5.0;
				TARGETED_DEVICE_FAMILY = "1,2";
			};
			name = Debug;
		};
		4239D54E23ED15B900FE982C /* Release */ = {
			isa = XCBuildConfiguration;
			buildSettings = {
				ASSETCATALOG_COMPILER_APPICON_NAME = AppIcon;
				CODE_SIGN_STYLE = Automatic;
				DEVELOPMENT_TEAM = X79UHLMR5A;
				INFOPLIST_FILE = RealmToDo/Info.plist;
				LD_RUNPATH_SEARCH_PATHS = (
					"$(inherited)",
					"@executable_path/Frameworks",
				);
				PRODUCT_BUNDLE_IDENTIFIER = "Daichi-hayashi.RealmToDo";
				PRODUCT_NAME = "$(TARGET_NAME)";
				SWIFT_VERSION = 5.0;
				TARGETED_DEVICE_FAMILY = "1,2";
			};
			name = Release;
		};
		4239D55023ED15B900FE982C /* Debug */ = {
			isa = XCBuildConfiguration;
			buildSettings = {
				ALWAYS_EMBED_SWIFT_STANDARD_LIBRARIES = YES;
				BUNDLE_LOADER = "$(TEST_HOST)";
				CODE_SIGN_STYLE = Automatic;
				DEVELOPMENT_TEAM = X79UHLMR5A;
				INFOPLIST_FILE = RealmToDoTests/Info.plist;
				IPHONEOS_DEPLOYMENT_TARGET = 13.2;
				LD_RUNPATH_SEARCH_PATHS = (
					"$(inherited)",
					"@executable_path/Frameworks",
					"@loader_path/Frameworks",
				);
				PRODUCT_BUNDLE_IDENTIFIER = "Daichi-hayashi.RealmToDoTests";
				PRODUCT_NAME = "$(TARGET_NAME)";
				SWIFT_VERSION = 5.0;
				TARGETED_DEVICE_FAMILY = "1,2";
				TEST_HOST = "$(BUILT_PRODUCTS_DIR)/RealmToDo.app/RealmToDo";
			};
			name = Debug;
		};
		4239D55123ED15B900FE982C /* Release */ = {
			isa = XCBuildConfiguration;
			buildSettings = {
				ALWAYS_EMBED_SWIFT_STANDARD_LIBRARIES = YES;
				BUNDLE_LOADER = "$(TEST_HOST)";
				CODE_SIGN_STYLE = Automatic;
				DEVELOPMENT_TEAM = X79UHLMR5A;
				INFOPLIST_FILE = RealmToDoTests/Info.plist;
				IPHONEOS_DEPLOYMENT_TARGET = 13.2;
				LD_RUNPATH_SEARCH_PATHS = (
					"$(inherited)",
					"@executable_path/Frameworks",
					"@loader_path/Frameworks",
				);
				PRODUCT_BUNDLE_IDENTIFIER = "Daichi-hayashi.RealmToDoTests";
				PRODUCT_NAME = "$(TARGET_NAME)";
				SWIFT_VERSION = 5.0;
				TARGETED_DEVICE_FAMILY = "1,2";
				TEST_HOST = "$(BUILT_PRODUCTS_DIR)/RealmToDo.app/RealmToDo";
			};
			name = Release;
		};
		4239D55323ED15B900FE982C /* Debug */ = {
			isa = XCBuildConfiguration;
			buildSettings = {
				ALWAYS_EMBED_SWIFT_STANDARD_LIBRARIES = YES;
				CODE_SIGN_STYLE = Automatic;
				DEVELOPMENT_TEAM = X79UHLMR5A;
				INFOPLIST_FILE = RealmToDoUITests/Info.plist;
				LD_RUNPATH_SEARCH_PATHS = (
					"$(inherited)",
					"@executable_path/Frameworks",
					"@loader_path/Frameworks",
				);
				PRODUCT_BUNDLE_IDENTIFIER = "Daichi-hayashi.RealmToDoUITests";
				PRODUCT_NAME = "$(TARGET_NAME)";
				SWIFT_VERSION = 5.0;
				TARGETED_DEVICE_FAMILY = "1,2";
				TEST_TARGET_NAME = RealmToDo;
			};
			name = Debug;
		};
		4239D55423ED15B900FE982C /* Release */ = {
			isa = XCBuildConfiguration;
			buildSettings = {
				ALWAYS_EMBED_SWIFT_STANDARD_LIBRARIES = YES;
				CODE_SIGN_STYLE = Automatic;
				DEVELOPMENT_TEAM = X79UHLMR5A;
				INFOPLIST_FILE = RealmToDoUITests/Info.plist;
				LD_RUNPATH_SEARCH_PATHS = (
					"$(inherited)",
					"@executable_path/Frameworks",
					"@loader_path/Frameworks",
				);
				PRODUCT_BUNDLE_IDENTIFIER = "Daichi-hayashi.RealmToDoUITests";
				PRODUCT_NAME = "$(TARGET_NAME)";
				SWIFT_VERSION = 5.0;
				TARGETED_DEVICE_FAMILY = "1,2";
				TEST_TARGET_NAME = RealmToDo;
			};
			name = Release;
		};
/* End XCBuildConfiguration section */

/* Begin XCConfigurationList section */
		4239D51D23ED15B700FE982C /* Build configuration list for PBXProject "RealmToDo" */ = {
			isa = XCConfigurationList;
			buildConfigurations = (
				4239D54A23ED15B900FE982C /* Debug */,
				4239D54B23ED15B900FE982C /* Release */,
			);
			defaultConfigurationIsVisible = 0;
			defaultConfigurationName = Release;
		};
		4239D54C23ED15B900FE982C /* Build configuration list for PBXNativeTarget "RealmToDo" */ = {
			isa = XCConfigurationList;
			buildConfigurations = (
				4239D54D23ED15B900FE982C /* Debug */,
				4239D54E23ED15B900FE982C /* Release */,
			);
			defaultConfigurationIsVisible = 0;
			defaultConfigurationName = Release;
		};
		4239D54F23ED15B900FE982C /* Build configuration list for PBXNativeTarget "RealmToDoTests" */ = {
			isa = XCConfigurationList;
			buildConfigurations = (
				4239D55023ED15B900FE982C /* Debug */,
				4239D55123ED15B900FE982C /* Release */,
			);
			defaultConfigurationIsVisible = 0;
			defaultConfigurationName = Release;
		};
		4239D55223ED15B900FE982C /* Build configuration list for PBXNativeTarget "RealmToDoUITests" */ = {
			isa = XCConfigurationList;
			buildConfigurations = (
				4239D55323ED15B900FE982C /* Debug */,
				4239D55423ED15B900FE982C /* Release */,
			);
			defaultConfigurationIsVisible = 0;
			defaultConfigurationName = Release;
		};
/* End XCConfigurationList section */

/* Begin XCRemoteSwiftPackageReference section */
		425C193E23F0F98A00B61D53 /* XCRemoteSwiftPackageReference "realm-cocoa" */ = {
			isa = XCRemoteSwiftPackageReference;
			repositoryURL = "https://github.com/realm/realm-cocoa";
			requirement = {
				kind = upToNextMajorVersion;
				minimumVersion = 4.3.2;
			};
		};
/* End XCRemoteSwiftPackageReference section */

/* Begin XCSwiftPackageProductDependency section */
		425C193F23F0F98A00B61D53 /* RealmSwift */ = {
			isa = XCSwiftPackageProductDependency;
			package = 425C193E23F0F98A00B61D53 /* XCRemoteSwiftPackageReference "realm-cocoa" */;
			productName = RealmSwift;
		};
		425C194123F0F98A00B61D53 /* Realm */ = {
			isa = XCSwiftPackageProductDependency;
			package = 425C193E23F0F98A00B61D53 /* XCRemoteSwiftPackageReference "realm-cocoa" */;
			productName = Realm;
		};
/* End XCSwiftPackageProductDependency section */
	};
	rootObject = 4239D51A23ED15B700FE982C /* Project object */;
}
